
Microsoft Visual Studio Solution File, Format Version 12.00
# Visual Studio Version 16
VisualStudioVersion = 16.0.33214.272
MinimumVisualStudioVersion = 10.0.40219.1
Project("{FAE04EC0-301F-11D3-BF4B-00C04F79EFBC}") = "Heads_and_Hands.TestTask.Game", "Heads_and_Hands.TestTask.Game\Heads_and_Hands.TestTask.Game.csproj", "{DCAEA8C7-A722-4438-9205-6193667FD75A}"
EndProject
Global
	GlobalSection(SolutionConfigurationPlatforms) = preSolution
		Debug|Any CPU = Debug|Any CPU
		Release|Any CPU = Release|Any CPU
	EndGlobalSection
	GlobalSection(ProjectConfigurationPlatforms) = postSolution
		{DCAEA8C7-A722-4438-9205-6193667FD75A}.Debug|Any CPU.ActiveCfg = Debug|Any CPU
		{DCAEA8C7-A722-4438-9205-6193667FD75A}.Debug|Any CPU.Build.0 = Debug|Any CPU
		{DCAEA8C7-A722-4438-9205-6193667FD75A}.Release|Any CPU.ActiveCfg = Release|Any CPU
		{DCAEA8C7-A722-4438-9205-6193667FD75A}.Release|Any CPU.Build.0 = Release|Any CPU
	EndGlobalSection
	GlobalSection(SolutionProperties) = preSolution
		HideSolutionNode = FALSE
	EndGlobalSection
	GlobalSection(ExtensibilityGlobals) = postSolution
		SolutionGuid = {AF4992B6-D938-416B-835C-D612FAEE3C8E}
	EndGlobalSection
EndGlobal
